
Microsoft Visual Studio Solution File, Format Version 12.00
# Visual Studio Version 17
VisualStudioVersion = 17.0.31903.59
MinimumVisualStudioVersion = 10.0.40219.1
Project("{2150E333-8FDC-42A3-9474-1A3956D46DE8}") = "src", "src", "{FEF9EAE9-1FF8-40C0-8CA1-EB18A163AD34}"
EndProject
Project("{FAE04EC0-301F-11D3-BF4B-00C04F79EFBC}") = "JWTAuthServer.Api", "src\JWTAuthServer.Api\JWTAuthServer.Api.csproj", "{2ADE0EE9-7FCB-4F07-8016-3013BAB1847C}"
EndProject
Global
	GlobalSection(SolutionConfigurationPlatforms) = preSolution
		Debug|Any CPU = Debug|Any CPU
		Release|Any CPU = Release|Any CPU
	EndGlobalSection
	GlobalSection(SolutionProperties) = preSolution
		HideSolutionNode = FALSE
	EndGlobalSection
	GlobalSection(ProjectConfigurationPlatforms) = postSolution
		{2ADE0EE9-7FCB-4F07-8016-3013BAB1847C}.Debug|Any CPU.ActiveCfg = Debug|Any CPU
		{2ADE0EE9-7FCB-4F07-8016-3013BAB1847C}.Debug|Any CPU.Build.0 = Debug|Any CPU
		{2ADE0EE9-7FCB-4F07-8016-3013BAB1847C}.Release|Any CPU.ActiveCfg = Release|Any CPU
		{2ADE0EE9-7FCB-4F07-8016-3013BAB1847C}.Release|Any CPU.Build.0 = Release|Any CPU
	EndGlobalSection
	GlobalSection(NestedProjects) = preSolution
		{2ADE0EE9-7FCB-4F07-8016-3013BAB1847C} = {FEF9EAE9-1FF8-40C0-8CA1-EB18A163AD34}
	EndGlobalSection
EndGlobal
